
Microsoft Visual Studio Solution File, Format Version 12.00
# Visual Studio 15
VisualStudioVersion = 15.0.28010.2016
MinimumVisualStudioVersion = 10.0.40219.1
Project("{8BC9CEB8-8B4A-11D0-8D11-00A0C91BC942}") = "FractionOverload_EMathew", "FractionOverload_EMathew\FractionOverload_EMathew.vcxproj", "{A7F28B97-E66F-46DC-89BC-3F30FE75FB04}"
EndProject
Global
	GlobalSection(SolutionConfigurationPlatforms) = preSolution
		Debug|x64 = Debug|x64
		Debug|x86 = Debug|x86
		Release|x64 = Release|x64
		Release|x86 = Release|x86
	EndGlobalSection
	GlobalSection(ProjectConfigurationPlatforms) = postSolution
		{A7F28B97-E66F-46DC-89BC-3F30FE75FB04}.Debug|x64.ActiveCfg = Debug|x64
		{A7F28B97-E66F-46DC-89BC-3F30FE75FB04}.Debug|x64.Build.0 = Debug|x64
		{A7F28B97-E66F-46DC-89BC-3F30FE75FB04}.Debug|x86.ActiveCfg = Debug|Win32
		{A7F28B97-E66F-46DC-89BC-3F30FE75FB04}.Debug|x86.Build.0 = Debug|Win32
		{A7F28B97-E66F-46DC-89BC-3F30FE75FB04}.Release|x64.ActiveCfg = Release|x64
		{A7F28B97-E66F-46DC-89BC-3F30FE75FB04}.Release|x64.Build.0 = Release|x64
		{A7F28B97-E66F-46DC-89BC-3F30FE75FB04}.Release|x86.ActiveCfg = Release|Win32
		{A7F28B97-E66F-46DC-89BC-3F30FE75FB04}.Release|x86.Build.0 = Release|Win32
	EndGlobalSection
	GlobalSection(SolutionProperties) = preSolution
		HideSolutionNode = FALSE
	EndGlobalSection
	GlobalSection(ExtensibilityGlobals) = postSolution
		SolutionGuid = {3310E84C-7B0F-49C4-889F-00E22F84880E}
	EndGlobalSection
EndGlobal
